
Microsoft Visual Studio Solution File, Format Version 12.00
# Visual Studio Version 17
VisualStudioVersion = 17.9.34723.18
MinimumVisualStudioVersion = 10.0.40219.1
Project("{FAE04EC0-301F-11D3-BF4B-00C04F79EFBC}") = "project clz", "project clz\project clz.csproj", "{036FDE26-B213-4836-80A8-7FDAF452E4D0}"
EndProject
Global
	GlobalSection(SolutionConfigurationPlatforms) = preSolution
		Debug|Any CPU = Debug|Any CPU
		Release|Any CPU = Release|Any CPU
	EndGlobalSection
	GlobalSection(ProjectConfigurationPlatforms) = postSolution
		{036FDE26-B213-4836-80A8-7FDAF452E4D0}.Debug|Any CPU.ActiveCfg = Debug|Any CPU
		{036FDE26-B213-4836-80A8-7FDAF452E4D0}.Debug|Any CPU.Build.0 = Debug|Any CPU
		{036FDE26-B213-4836-80A8-7FDAF452E4D0}.Release|Any CPU.ActiveCfg = Release|Any CPU
		{036FDE26-B213-4836-80A8-7FDAF452E4D0}.Release|Any CPU.Build.0 = Release|Any CPU
	EndGlobalSection
	GlobalSection(SolutionProperties) = preSolution
		HideSolutionNode = FALSE
	EndGlobalSection
	GlobalSection(ExtensibilityGlobals) = postSolution
		SolutionGuid = {A5A74E10-846B-446D-A8E6-DAA39B49DC4E}
	EndGlobalSection
EndGlobal
